
Microsoft Visual Studio Solution File, Format Version 12.00
# Visual Studio Version 16
VisualStudioVersion = 16.0.31424.327
MinimumVisualStudioVersion = 10.0.40219.1
Project("{9A19103F-16F7-4668-BE54-9A1E7A4F7556}") = "Solutionists.Products.Web", "src\Solutionists.Products.Web\Solutionists.Products.Web.csproj", "{9920A798-4795-4EDB-A785-2543AAA163ED}"
EndProject
Project("{9A19103F-16F7-4668-BE54-9A1E7A4F7556}") = "Solutionists.Products.Business", "src\Solutionists.Products.Business\Solutionists.Products.Business.csproj", "{ADE6B32A-A8C9-4324-8080-A6EDF300D908}"
EndProject
Project("{9A19103F-16F7-4668-BE54-9A1E7A4F7556}") = "Solutionists.Products.Data", "src\Solutionists.Products.Data\Solutionists.Products.Data.csproj", "{8F2E3B94-44E4-4E8E-B302-5F4040FF8974}"
EndProject
Project("{9A19103F-16F7-4668-BE54-9A1E7A4F7556}") = "Soluitionists.Products.Core", "src\Soluitionists.Products.Core\Soluitionists.Products.Core.csproj", "{BF981106-9AEF-43B3-9460-95F5F1B48931}"
EndProject
Project("{9A19103F-16F7-4668-BE54-9A1E7A4F7556}") = "Solutionists.Products.Contracts", "src\Solutionists.Products.Contracts\Solutionists.Products.Contracts.csproj", "{00B37065-6B6F-4CC9-805B-054BA403B985}"
EndProject
Project("{FAE04EC0-301F-11D3-BF4B-00C04F79EFBC}") = "Solutionists.Products.Business.Tests", "src\Solutionists.Products.Business.Tests\Solutionists.Products.Business.Tests.csproj", "{2415BE76-4A5C-4DDA-B254-BA1BE3DEDB64}"
EndProject
Global
	GlobalSection(SolutionConfigurationPlatforms) = preSolution
		Debug|Any CPU = Debug|Any CPU
		Release|Any CPU = Release|Any CPU
	EndGlobalSection
	GlobalSection(ProjectConfigurationPlatforms) = postSolution
		{9920A798-4795-4EDB-A785-2543AAA163ED}.Debug|Any CPU.ActiveCfg = Debug|Any CPU
		{9920A798-4795-4EDB-A785-2543AAA163ED}.Debug|Any CPU.Build.0 = Debug|Any CPU
		{9920A798-4795-4EDB-A785-2543AAA163ED}.Release|Any CPU.ActiveCfg = Release|Any CPU
		{9920A798-4795-4EDB-A785-2543AAA163ED}.Release|Any CPU.Build.0 = Release|Any CPU
		{ADE6B32A-A8C9-4324-8080-A6EDF300D908}.Debug|Any CPU.ActiveCfg = Debug|Any CPU
		{ADE6B32A-A8C9-4324-8080-A6EDF300D908}.Debug|Any CPU.Build.0 = Debug|Any CPU
		{ADE6B32A-A8C9-4324-8080-A6EDF300D908}.Release|Any CPU.ActiveCfg = Release|Any CPU
		{ADE6B32A-A8C9-4324-8080-A6EDF300D908}.Release|Any CPU.Build.0 = Release|Any CPU
		{8F2E3B94-44E4-4E8E-B302-5F4040FF8974}.Debug|Any CPU.ActiveCfg = Debug|Any CPU
		{8F2E3B94-44E4-4E8E-B302-5F4040FF8974}.Debug|Any CPU.Build.0 = Debug|Any CPU
		{8F2E3B94-44E4-4E8E-B302-5F4040FF8974}.Release|Any CPU.ActiveCfg = Release|Any CPU
		{8F2E3B94-44E4-4E8E-B302-5F4040FF8974}.Release|Any CPU.Build.0 = Release|Any CPU
		{BF981106-9AEF-43B3-9460-95F5F1B48931}.Debug|Any CPU.ActiveCfg = Debug|Any CPU
		{BF981106-9AEF-43B3-9460-95F5F1B48931}.Debug|Any CPU.Build.0 = Debug|Any CPU
		{BF981106-9AEF-43B3-9460-95F5F1B48931}.Release|Any CPU.ActiveCfg = Release|Any CPU
		{BF981106-9AEF-43B3-9460-95F5F1B48931}.Release|Any CPU.Build.0 = Release|Any CPU
		{00B37065-6B6F-4CC9-805B-054BA403B985}.Debug|Any CPU.ActiveCfg = Debug|Any CPU
		{00B37065-6B6F-4CC9-805B-054BA403B985}.Debug|Any CPU.Build.0 = Debug|Any CPU
		{00B37065-6B6F-4CC9-805B-054BA403B985}.Release|Any CPU.ActiveCfg = Release|Any CPU
		{00B37065-6B6F-4CC9-805B-054BA403B985}.Release|Any CPU.Build.0 = Release|Any CPU
		{2415BE76-4A5C-4DDA-B254-BA1BE3DEDB64}.Debug|Any CPU.ActiveCfg = Debug|Any CPU
		{2415BE76-4A5C-4DDA-B254-BA1BE3DEDB64}.Debug|Any CPU.Build.0 = Debug|Any CPU
		{2415BE76-4A5C-4DDA-B254-BA1BE3DEDB64}.Release|Any CPU.ActiveCfg = Release|Any CPU
		{2415BE76-4A5C-4DDA-B254-BA1BE3DEDB64}.Release|Any CPU.Build.0 = Release|Any CPU
	EndGlobalSection
	GlobalSection(SolutionProperties) = preSolution
		HideSolutionNode = FALSE
	EndGlobalSection
	GlobalSection(ExtensibilityGlobals) = postSolution
		SolutionGuid = {257AE293-992C-44B2-9898-106CEC36CC35}
	EndGlobalSection
EndGlobal
